
Microsoft Visual Studio Solution File, Format Version 12.00
# Visual Studio Version 17
VisualStudioVersion = 17.0.31903.59
MinimumVisualStudioVersion = 10.0.40219.1
Project("{FAE04EC0-301F-11D3-BF4B-00C04F79EFBC}") = "newBingoGame", "newBingoGame\newBingoGame.csproj", "{4AAEEFDA-A279-41C8-9E03-FB613186DD6E}"
EndProject
Global
	GlobalSection(SolutionConfigurationPlatforms) = preSolution
		Debug|Any CPU = Debug|Any CPU
		Release|Any CPU = Release|Any CPU
	EndGlobalSection
	GlobalSection(ProjectConfigurationPlatforms) = postSolution
		{4AAEEFDA-A279-41C8-9E03-FB613186DD6E}.Debug|Any CPU.ActiveCfg = Debug|Any CPU
		{4AAEEFDA-A279-41C8-9E03-FB613186DD6E}.Debug|Any CPU.Build.0 = Debug|Any CPU
		{4AAEEFDA-A279-41C8-9E03-FB613186DD6E}.Release|Any CPU.ActiveCfg = Release|Any CPU
		{4AAEEFDA-A279-41C8-9E03-FB613186DD6E}.Release|Any CPU.Build.0 = Release|Any CPU
	EndGlobalSection
	GlobalSection(SolutionProperties) = preSolution
		HideSolutionNode = FALSE
	EndGlobalSection
	GlobalSection(ExtensibilityGlobals) = postSolution
		SolutionGuid = {876703B4-14FA-461C-8768-8CBFE2145A94}
	EndGlobalSection
EndGlobal
